Microsoft Visual Studio Solution File, Format Version 12.00
# Visual Studio Version 17
VisualStudioVersion = 17.5.2.0
MinimumVisualStudioVersion = 10.0.40219.1
Project("{FAE04EC0-301F-11D3-BF4B-00C04F79EFBC}") = "Farmers_Market_API", "Farmers_Market_API.csproj", "{BD4151CC-3CC5-74DA-7671-BE7F1D7FD58E}"
EndProject
Global
	GlobalSection(SolutionConfigurationPlatforms) = preSolution
		Debug|Any CPU = Debug|Any CPU
		Release|Any CPU = Release|Any CPU
	EndGlobalSection
	GlobalSection(ProjectConfigurationPlatforms) = postSolution
		{BD4151CC-3CC5-74DA-7671-BE7F1D7FD58E}.Debug|Any CPU.ActiveCfg = Debug|Any CPU
		{BD4151CC-3CC5-74DA-7671-BE7F1D7FD58E}.Debug|Any CPU.Build.0 = Debug|Any CPU
		{BD4151CC-3CC5-74DA-7671-BE7F1D7FD58E}.Release|Any CPU.ActiveCfg = Release|Any CPU
		{BD4151CC-3CC5-74DA-7671-BE7F1D7FD58E}.Release|Any CPU.Build.0 = Release|Any CPU
	EndGlobalSection
	GlobalSection(SolutionProperties) = preSolution
		HideSolutionNode = FALSE
	EndGlobalSection
	GlobalSection(ExtensibilityGlobals) = postSolution
		SolutionGuid = {AE929218-E73E-42E2-807A-74E3BD7E656B}
	EndGlobalSection
EndGlobal
